
Microsoft Visual Studio Solution File, Format Version 12.00
# Visual Studio Version 16
VisualStudioVersion = 16.0.33529.622
MinimumVisualStudioVersion = 10.0.40219.1
Project("{FAE04EC0-301F-11D3-BF4B-00C04F79EFBC}") = "QLNH", "QLNH.csproj", "{A64234B2-854F-4787-8713-1D547DCCC4C7}"
EndProject
Global
	GlobalSection(SolutionConfigurationPlatforms) = preSolution
		Debug|Any CPU = Debug|Any CPU
		Release|Any CPU = Release|Any CPU
	EndGlobalSection
	GlobalSection(ProjectConfigurationPlatforms) = postSolution
		{A64234B2-854F-4787-8713-1D547DCCC4C7}.Debug|Any CPU.ActiveCfg = Debug|Any CPU
		{A64234B2-854F-4787-8713-1D547DCCC4C7}.Debug|Any CPU.Build.0 = Debug|Any CPU
		{A64234B2-854F-4787-8713-1D547DCCC4C7}.Release|Any CPU.ActiveCfg = Release|Any CPU
		{A64234B2-854F-4787-8713-1D547DCCC4C7}.Release|Any CPU.Build.0 = Release|Any CPU
	EndGlobalSection
	GlobalSection(SolutionProperties) = preSolution
		HideSolutionNode = FALSE
	EndGlobalSection
	GlobalSection(ExtensibilityGlobals) = postSolution
		SolutionGuid = {762BE1BF-E791-4E94-913C-D51817D6592F}
	EndGlobalSection
EndGlobal
